
Microsoft Visual Studio Solution File, Format Version 12.00
# Visual Studio 15
VisualStudioVersion = 15.0.28307.421
MinimumVisualStudioVersion = 10.0.40219.1
Project("{FAE04EC0-301F-11D3-BF4B-00C04F79EFBC}") = "Четное не четное", "Четное не четное\Четное не четное.csproj", "{0E6C6073-C97F-4D8F-A105-5D83739B6654}"
EndProject
Global
	GlobalSection(SolutionConfigurationPlatforms) = preSolution
		Debug|Any CPU = Debug|Any CPU
		Release|Any CPU = Release|Any CPU
	EndGlobalSection
	GlobalSection(ProjectConfigurationPlatforms) = postSolution
		{0E6C6073-C97F-4D8F-A105-5D83739B6654}.Debug|Any CPU.ActiveCfg = Debug|Any CPU
		{0E6C6073-C97F-4D8F-A105-5D83739B6654}.Debug|Any CPU.Build.0 = Debug|Any CPU
		{0E6C6073-C97F-4D8F-A105-5D83739B6654}.Release|Any CPU.ActiveCfg = Release|Any CPU
		{0E6C6073-C97F-4D8F-A105-5D83739B6654}.Release|Any CPU.Build.0 = Release|Any CPU
	EndGlobalSection
	GlobalSection(SolutionProperties) = preSolution
		HideSolutionNode = FALSE
	EndGlobalSection
	GlobalSection(ExtensibilityGlobals) = postSolution
		SolutionGuid = {F2394A71-FF87-4A3B-B6D8-97D491E7EAEA}
	EndGlobalSection
EndGlobal
